// !$*UTF8*$!
{
	archiveVersion = 1;
	classes = {
	};
	objectVersion = 46;
	objects = {

/* Begin PBXBuildFile section */
		CF51FF561C9D301E00C7E043 /* AppDelegate.swift in Sources */ = {isa = PBXBuildFile; fileRef = CF51FF551C9D301E00C7E043 /* AppDelegate.swift */; };
		CF51FF581C9D301E00C7E043 /* ViewController.swift in Sources */ = {isa = PBXBuildFile; fileRef = CF51FF571C9D301E00C7E043 /* ViewController.swift */; };
		CF51FF5B1C9D301E00C7E043 /* Main.storyboard in Resources */ = {isa = PBXBuildFile; fileRef = CF51FF591C9D301E00C7E043 /* Main.storyboard */; };
		CF51FF5D1C9D301E00C7E043 /* Assets.xcassets in Resources */ = {isa = PBXBuildFile; fileRef = CF51FF5C1C9D301E00C7E043 /* Assets.xcassets */; };
		CF51FF601C9D301E00C7E043 /* LaunchScreen.storyboard in Resources */ = {isa = PBXBuildFile; fileRef = CF51FF5E1C9D301E00C7E043 /* LaunchScreen.storyboard */; };
/* End PBXBuildFile section */

/* Begin PBXFileReference section */
		CF51FF521C9D301E00C7E043 /* SecondKadaiApp.app */ = {isa = PBXFileReference; explicitFileType = wrapper.application; includeInIndex = 0; path = SecondKadaiApp.app; sourceTree = BUILT_PRODUCTS_DIR; };
		CF51FF551C9D301E00C7E043 /* AppDelegate.swift */ = {isa = PBXFileReference; lastKnownFileType = sourcecode.swift; path = AppDelegate.swift; sourceTree = "<group>"; };
		CF51FF571C9D301E00C7E043 /* ViewController.swift */ = {isa = PBXFileReference; lastKnownFileType = sourcecode.swift; path = ViewController.swift; sourceTree = "<group>"; };
		CF51FF5A1C9D301E00C7E043 /* Base */ = {isa = PBXFileReference; lastKnownFileType = file.storyboard; name = Base; path = Base.lproj/Main.storyboard; sourceTree = "<group>"; };
		CF51FF5C1C9D301E00C7E043 /* Assets.xcassets */ = {isa = PBXFileReference; lastKnownFileType = folder.assetcatalog; path = Assets.xcassets; sourceTree = "<group>"; };
		CF51FF5F1C9D301E00C7E043 /* Base */ = {isa = PBXFileReference; lastKnownFileType = file.storyboard; name = Base; path = Base.lproj/LaunchScreen.storyboard; sourceTree = "<group>"; };
		CF51FF611C9D301E00C7E043 /* Info.plist */ = {isa = PBXFileReference; lastKnownFileType = text.plist.xml; path = Info.plist; sourceTree = "<group>"; };
/* End PBXFileReference section */

/* Begin PBXFrameworksBuildPhase section */
		CF51FF4F1C9D301E00C7E043 /* Frameworks */ = {
			isa = PBXFrameworksBuildPhase;
			buildActionMask = 2147483647;
			files = (
			);
			runOnlyForDeploymentPostprocessing = 0;
		};
/* End PBXFrameworksBuildPhase section */

/* Begin PBXGroup section */
		CF51FF491C9D301E00C7E043 = {
			isa = PBXGroup;
			children = (
				CF51FF541C9D301E00C7E043 /* SecondKadaiApp */,
				CF51FF531C9D301E00C7E043 /* Products */,
			);
			sourceTree = "<group>";
		};
		CF51FF531C9D301E00C7E043 /* Products */ = {
			isa = PBXGroup;
			children = (
				CF51FF521C9D301E00C7E043 /* SecondKadaiApp.app */,
			);
			name = Products;
			sourceTree = "<group>";
		};
		CF51FF541C9D301E00C7E043 /* SecondKadaiApp */ = {
			isa = PBXGroup;
			children = (
				CF51FF551C9D301E00C7E043 /* AppDelegate.swift */,
				CF51FF571C9D301E00C7E043 /* ViewController.swift */,
				CF51FF591C9D301E00C7E043 /* Main.storyboard */,
				CF51FF5C1C9D301E00C7E043 /* Assets.xcassets */,
				CF51FF5E1C9D301E00C7E043 /* LaunchScreen.storyboard */,
				CF51FF611C9D301E00C7E043 /* Info.plist */,
			);
			path = SecondKadaiApp;
			sourceTree = "<group>";
		};
/* End PBXGroup section */

/* Begin PBXNativeTarget section */
		CF51FF511C9D301E00C7E043 /* SecondKadaiApp */ = {
			isa = PBXNativeTarget;
			buildConfigurationList = CF51FF641C9D301E00C7E043 /* Build configuration list for PBXNativeTarget "SecondKadaiApp" */;
			buildPhases = (
				CF51FF4E1C9D301E00C7E043 /* Sources */,
				CF51FF4F1C9D301E00C7E043 /* Frameworks */,
				CF51FF501C9D301E00C7E043 /* Resources */,
			);
			buildRules = (
			);
			dependencies = (
			);
			name = SecondKadaiApp;
			productName = SecondKadaiApp;
			productReference = CF51FF521C9D301E00C7E043 /* SecondKadaiApp.app */;
			productType = "com.apple.product-type.application";
		};
/* End PBXNativeTarget section */

/* Begin PBXProject section */
		CF51FF4A1C9D301E00C7E043 /* Project object */ = {
			isa = PBXProject;
			attributes = {
				LastSwiftUpdateCheck = 0720;
				LastUpgradeCheck = 0720;
				ORGANIZATIONNAME = shunichi.tanaka;
				TargetAttributes = {
					CF51FF511C9D301E00C7E043 = {
						CreatedOnToolsVersion = 7.2.1;
					};
				};
			};
			buildConfigurationList = CF51FF4D1C9D301E00C7E043 /* Build configuration list for PBXProject "SecondKadaiApp" */;
			compatibilityVersion = "Xcode 3.2";
			developmentRegion = English;
			hasScannedForEncodings = 0;
			knownRegions = (
				en,
				Base,
			);
			mainGroup = CF51FF491C9D301E00C7E043;
			productRefGroup = CF51FF531C9D301E00C7E043 /* Products */;
			projectDirPath = "";
			projectRoot = "";
			targets = (
				CF51FF511C9D301E00C7E043 /* SecondKadaiApp */,
			);
		};
/* End PBXProject section */

/* Begin PBXResourcesBuildPhase section */
		CF51FF501C9D301E00C7E043 /* Resources */ = {
			isa = PBXResourcesBuildPhase;
			buildActionMask = 2147483647;
			files = (
				CF51FF601C9D301E00C7E043 /* LaunchScreen.storyboard in Resources */,
				CF51FF5D1C9D301E00C7E043 /* Assets.xcassets in Resources */,
				CF51FF5B1C9D301E00C7E043 /* Main.storyboard in Resources */,
			);
			runOnlyForDeploymentPostprocessing = 0;
		};
/* End PBXResourcesBuildPhase section */

/* Begin PBXSourcesBuildPhase section */
		CF51FF4E1C9D301E00C7E043 /* Sources */ = {
			isa = PBXSourcesBuildPhase;
			buildActionMask = 2147483647;
			files = (
				CF51FF581C9D301E00C7E043 /* ViewController.swift in Sources */,
				CF51FF561C9D301E00C7E043 /* AppDelegate.swift in Sources */,
			);
			runOnlyForDeploymentPostprocessing = 0;
		};
/* End PBXSourcesBuildPhase section */

/* Begin PBXVariantGroup section */
		CF51FF591C9D301E00C7E043 /* Main.storyboard */ = {
			isa = PBXVariantGroup;
			children = (
				CF51FF5A1C9D301E00C7E043 /* Base */,
			);
			name = Main.storyboard;
			sourceTree = "<group>";
		};
		CF51FF5E1C9D301E00C7E043 /* LaunchScreen.storyboard */ = {
			isa = PBXVariantGroup;
			children = (
				CF51FF5F1C9D301E00C7E043 /* Base */,
			);
			name = LaunchScreen.storyboard;
			sourceTree = "<group>";
		};
/* End PBXVariantGroup section */

/* Begin XCBuildConfiguration section */
		CF51FF621C9D301E00C7E043 /* Debug */ = {
			isa = XCBuildConfiguration;
			buildSettings = {
				ALWAYS_SEARCH_USER_PATHS = NO;
				CLANG_CXX_LANGUAGE_STANDARD = "gnu++0x";
				CLANG_CXX_LIBRARY = "libc++";
				CLANG_ENABLE_MODULES = YES;
				CLANG_ENABLE_OBJC_ARC = YES;
				CLANG_WARN_BOOL_CONVERSION = YES;
				CLANG_WARN_CONSTANT_CONVERSION = YES;
				CLANG_WARN_DIRECT_OBJC_ISA_USAGE = YES_ERROR;
				CLANG_WARN_EMPTY_BODY = YES;
				CLANG_WARN_ENUM_CONVERSION = YES;
				CLANG_WARN_INT_CONVERSION = YES;
				CLANG_WARN_OBJC_ROOT_CLASS = YES_ERROR;
				CLANG_WARN_UNREACHABLE_CODE = YES;
				CLANG_WARN__DUPLICATE_METHOD_MATCH = YES;
				"CODE_SIGN_IDENTITY[sdk=iphoneos*]" = "iPhone Developer";
				COPY_PHASE_STRIP = NO;
				DEBUG_INFORMATION_FORMAT = dwarf;
				ENABLE_STRICT_OBJC_MSGSEND = YES;
				ENABLE_TESTABILITY = YES;
				GCC_C_LANGUAGE_STANDARD = gnu99;
				GCC_DYNAMIC_NO_PIC = NO;
				GCC_NO_COMMON_BLOCKS = YES;
				GCC_OPTIMIZATION_LEVEL = 0;
				GCC_PREPROCESSOR_DEFINITIONS = (
					"DEBUG=1",
					"$(inherited)",
				);
				GCC_WARN_64_TO_32_BIT_CONVERSION = YES;
				GCC_WARN_ABOUT_RETURN_TYPE = YES_ERROR;
				GCC_WARN_UNDECLARED_SELECTOR = YES;
				GCC_WARN_UNINITIALIZED_AUTOS = YES_AGGRESSIVE;
				GCC_WARN_UNUSED_FUNCTION = YES;
				GCC_WARN_UNUSED_VARIABLE = YES;
				IPHONEOS_DEPLOYMENT_TARGET = 9.2;
				MTL_ENABLE_DEBUG_INFO = YES;
				ONLY_ACTIVE_ARCH = YES;
				SDKROOT = iphoneos;
				SWIFT_OPTIMIZATION_LEVEL = "-Onone";
			};
			name = Debug;
		};
		CF51FF631C9D301E00C7E043 /* Release */ = {
			isa = XCBuildConfiguration;
			buildSettings = {
				ALWAYS_SEARCH_USER_PATHS = NO;
				CLANG_CXX_LANGUAGE_STANDARD = "gnu++0x";
				CLANG_CXX_LIBRARY = "libc++";
				CLANG_ENABLE_MODULES = YES;
				CLANG_ENABLE_OBJC_ARC = YES;
				CLANG_WARN_BOOL_CONVERSION = YES;
				CLANG_WARN_CONSTANT_CONVERSION = YES;
				CLANG_WARN_DIRECT_OBJC_ISA_USAGE = YES_ERROR;
				CLANG_WARN_EMPTY_BODY = YES;
				CLANG_WARN_ENUM_CONVERSION = YES;
				CLANG_WARN_INT_CONVERSION = YES;
				CLANG_WARN_OBJC_ROOT_CLASS = YES_ERROR;
				CLANG_WARN_UNREACHABLE_CODE = YES;
				CLANG_WARN__DUPLICATE_METHOD_MATCH = YES;
				"CODE_SIGN_IDENTITY[sdk=iphoneos*]" = "iPhone Developer";
				COPY_PHASE_STRIP = NO;
				DEBUG_INFORMATION_FORMAT = "dwarf-with-dsym";
				ENABLE_NS_ASSERTIONS = NO;
				ENABLE_STRICT_OBJC_MSGSEND = YES;
				GCC_C_LANGUAGE_STANDARD = gnu99;
				GCC_NO_COMMON_BLOCKS = YES;
				GCC_WARN_64_TO_32_BIT_CONVERSION = YES;
				GCC_WARN_ABOUT_RETURN_TYPE = YES_ERROR;
				GCC_WARN_UNDECLARED_SELECTOR = YES;
				GCC_WARN_UNINITIALIZED_AUTOS = YES_AGGRESSIVE;
				GCC_WARN_UNUSED_FUNCTION = YES;
				GCC_WARN_UNUSED_VARIABLE = YES;
				IPHONEOS_DEPLOYMENT_TARGET = 9.2;
				MTL_ENABLE_DEBUG_INFO = NO;
				SDKROOT = iphoneos;
				VALIDATE_PRODUCT = YES;
			};
			name = Release;
		};
		CF51FF651C9D301E00C7E043 /* Debug */ = {
			isa = XCBuildConfiguration;
			buildSettings = {
				ASSETCATALOG_COMPILER_APPICON_NAME = AppIcon;
				INFOPLIST_FILE = SecondKadaiApp/Info.plist;
				LD_RUNPATH_SEARCH_PATHS = "$(inherited) @executable_path/Frameworks";
				PRODUCT_BUNDLE_IDENTIFIER = jp.techacademy.shunichi.tanaka.SecondKadaiApp;
				PRODUCT_NAME = "$(TARGET_NAME)";
			};
			name = Debug;
		};
		CF51FF661C9D301E00C7E043 /* Release */ = {
			isa = XCBuildConfiguration;
			buildSettings = {
				ASSETCATALOG_COMPILER_APPICON_NAME = AppIcon;
				INFOPLIST_FILE = SecondKadaiApp/Info.plist;
				LD_RUNPATH_SEARCH_PATHS = "$(inherited) @executable_path/Frameworks";
				PRODUCT_BUNDLE_IDENTIFIER = jp.techacademy.shunichi.tanaka.SecondKadaiApp;
				PRODUCT_NAME = "$(TARGET_NAME)";
			};
			name = Release;
		};
/* End XCBuildConfiguration section */

/* Begin XCConfigurationList section */
		CF51FF4D1C9D301E00C7E043 /* Build configuration list for PBXProject "SecondKadaiApp" */ = {
			isa = XCConfigurationList;
			buildConfigurations = (
				CF51FF621C9D301E00C7E043 /* Debug */,
				CF51FF631C9D301E00C7E043 /* Release */,
			);
			defaultConfigurationIsVisible = 0;
			defaultConfigurationName = Release;
		};
		CF51FF641C9D301E00C7E043 /* Build configuration list for PBXNativeTarget "SecondKadaiApp" */ = {
			isa = XCConfigurationList;
			buildConfigurations = (
				CF51FF651C9D301E00C7E043 /* Debug */,
				CF51FF661C9D301E00C7E043 /* Release */,
			);
			defaultConfigurationIsVisible = 0;
		};
/* End XCConfigurationList section */
	};
	rootObject = CF51FF4A1C9D301E00C7E043 /* Project object */;
}
